// !$*UTF8*$!
{
	archiveVersion = 1;
	classes = {
	};
	objectVersion = 46;
	objects = {

/* Begin PBXBuildFile section */
		462E9D5A1D305D00004528C4 /* TrackingManager.swift in Sources */ = {isa = PBXBuildFile; fileRef = 462E9D591D305D00004528C4 /* TrackingManager.swift */; };
		463C9C7E1D25E066002BE256 /* MapAnnotation.swift in Sources */ = {isa = PBXBuildFile; fileRef = 463C9C7D1D25E066002BE256 /* MapAnnotation.swift */; };
		463C9C821D26179F002BE256 /* LoginViewController.swift in Sources */ = {isa = PBXBuildFile; fileRef = 463C9C811D26179F002BE256 /* LoginViewController.swift */; };
		463E5D131D0E4EB2004C1546 /* CustomHeader.xib in Resources */ = {isa = PBXBuildFile; fileRef = 463E5D121D0E4EB2004C1546 /* CustomHeader.xib */; };
		463E5D151D0E58BF004C1546 /* CustomHeader.swift in Sources */ = {isa = PBXBuildFile; fileRef = 463E5D141D0E58BF004C1546 /* CustomHeader.swift */; };
		4645C2601CF3F1BF009093CA /* BikeSidebarTableViewController.swift in Sources */ = {isa = PBXBuildFile; fileRef = 4645C25F1CF3F1BF009093CA /* BikeSidebarTableViewController.swift */; };
		464B24B21D014FA70087ED8B /* Record+CoreDataProperties.swift in Sources */ = {isa = PBXBuildFile; fileRef = 464B24AE1D014FA70087ED8B /* Record+CoreDataProperties.swift */; };
		464B24B31D014FA70087ED8B /* Record.swift in Sources */ = {isa = PBXBuildFile; fileRef = 464B24AF1D014FA70087ED8B /* Record.swift */; };
		464B24B41D014FA70087ED8B /* Route+CoreDataProperties.swift in Sources */ = {isa = PBXBuildFile; fileRef = 464B24B01D014FA70087ED8B /* Route+CoreDataProperties.swift */; };
		464B24B51D014FA70087ED8B /* Route.swift in Sources */ = {isa = PBXBuildFile; fileRef = 464B24B11D014FA70087ED8B /* Route.swift */; };
		464CFE5E1CF2A28600B1FBBE /* AppDelegate.swift in Sources */ = {isa = PBXBuildFile; fileRef = 464CFE5D1CF2A28600B1FBBE /* AppDelegate.swift */; };
		464CFE631CF2A28600B1FBBE /* Main.storyboard in Resources */ = {isa = PBXBuildFile; fileRef = 464CFE611CF2A28600B1FBBE /* Main.storyboard */; };
		464CFE661CF2A28600B1FBBE /* Mr_Ride_iOS.xcdatamodeld in Sources */ = {isa = PBXBuildFile; fileRef = 464CFE641CF2A28600B1FBBE /* Mr_Ride_iOS.xcdatamodeld */; };
		464CFE681CF2A28600B1FBBE /* Assets.xcassets in Resources */ = {isa = PBXBuildFile; fileRef = 464CFE671CF2A28600B1FBBE /* Assets.xcassets */; };
		464CFE6B1CF2A28600B1FBBE /* LaunchScreen.storyboard in Resources */ = {isa = PBXBuildFile; fileRef = 464CFE691CF2A28600B1FBBE /* LaunchScreen.storyboard */; };
		464CFE7B1CF2D88000B1FBBE /* SWRevealViewController.m in Sources */ = {isa = PBXBuildFile; fileRef = 464CFE7A1CF2D88000B1FBBE /* SWRevealViewController.m */; };
		464CFE7E1CF2D94200B1FBBE /* MrBikeFont.swift in Sources */ = {isa = PBXBuildFile; fileRef = 464CFE7C1CF2D94200B1FBBE /* MrBikeFont.swift */; };
		464CFE7F1CF2D94200B1FBBE /* MrBikeColor.swift in Sources */ = {isa = PBXBuildFile; fileRef = 464CFE7D1CF2D94200B1FBBE /* MrBikeColor.swift */; };
		464CFE811CF2E3ED00B1FBBE /* BikeHomeViewController.swift in Sources */ = {isa = PBXBuildFile; fileRef = 464CFE801CF2E3ED00B1FBBE /* BikeHomeViewController.swift */; };
		464CFE851CF2FC1A00B1FBBE /* BikeNavigationController.swift in Sources */ = {isa = PBXBuildFile; fileRef = 464CFE841CF2FC1A00B1FBBE /* BikeNavigationController.swift */; };
		464D668F1D33474700531162 /* GoogleService-Info.plist in Resources */ = {isa = PBXBuildFile; fileRef = 464D668E1D33474700531162 /* GoogleService-Info.plist */; };
		465F67C71D10FF1100875C43 /* BikeMapViewController.swift in Sources */ = {isa = PBXBuildFile; fileRef = 465F67C61D10FF1100875C43 /* BikeMapViewController.swift */; };
		46F10B641D3012A80066EAF1 /* BikeHistoryTableViewCell.swift in Sources */ = {isa = PBXBuildFile; fileRef = 46F10B621D3012A80066EAF1 /* BikeHistoryTableViewCell.swift */; };
		46F10B651D3012A80066EAF1 /* BikeHistoryTableViewCell.xib in Resources */ = {isa = PBXBuildFile; fileRef = 46F10B631D3012A80066EAF1 /* BikeHistoryTableViewCell.xib */; };
		46F2E7BA1D1279EE00816318 /* BikeToiletModel.swift in Sources */ = {isa = PBXBuildFile; fileRef = 46F2E7B91D1279EE00816318 /* BikeToiletModel.swift */; };
		46F2E7BC1D127AE100816318 /* BikeToiletModelHelper.swift in Sources */ = {isa = PBXBuildFile; fileRef = 46F2E7BB1D127AE100816318 /* BikeToiletModelHelper.swift */; };
		46F2E7BE1D12804400816318 /* BikeMapManager.swift in Sources */ = {isa = PBXBuildFile; fileRef = 46F2E7BD1D12804400816318 /* BikeMapManager.swift */; };
		46F2E7C41D12D25700816318 /* CustomFooter.swift in Sources */ = {isa = PBXBuildFile; fileRef = 46F2E7C31D12D25700816318 /* CustomFooter.swift */; };
		46F4927F1CFD7B99000D4EA7 /* LICENSE.txt in Resources */ = {isa = PBXBuildFile; fileRef = 46F492741CFD7B99000D4EA7 /* LICENSE.txt */; };
		46F492801CFD7B99000D4EA7 /* RobotoMono-Bold.ttf in Resources */ = {isa = PBXBuildFile; fileRef = 46F492751CFD7B99000D4EA7 /* RobotoMono-Bold.ttf */; };
		46F492811CFD7B99000D4EA7 /* RobotoMono-BoldItalic.ttf in Resources */ = {isa = PBXBuildFile; fileRef = 46F492761CFD7B99000D4EA7 /* RobotoMono-BoldItalic.ttf */; };
		46F492821CFD7B99000D4EA7 /* RobotoMono-Italic.ttf in Resources */ = {isa = PBXBuildFile; fileRef = 46F492771CFD7B99000D4EA7 /* RobotoMono-Italic.ttf */; };
		46F492831CFD7B99000D4EA7 /* RobotoMono-Light.ttf in Resources */ = {isa = PBXBuildFile; fileRef = 46F492781CFD7B99000D4EA7 /* RobotoMono-Light.ttf */; };
		46F492841CFD7B99000D4EA7 /* RobotoMono-LightItalic.ttf in Resources */ = {isa = PBXBuildFile; fileRef = 46F492791CFD7B99000D4EA7 /* RobotoMono-LightItalic.ttf */; };
		46F492851CFD7B99000D4EA7 /* RobotoMono-Medium.ttf in Resources */ = {isa = PBXBuildFile; fileRef = 46F4927A1CFD7B99000D4EA7 /* RobotoMono-Medium.ttf */; };
		46F492861CFD7B99000D4EA7 /* RobotoMono-MediumItalic.ttf in Resources */ = {isa = PBXBuildFile; fileRef = 46F4927B1CFD7B99000D4EA7 /* RobotoMono-MediumItalic.ttf */; };
		46F492871CFD7B99000D4EA7 /* RobotoMono-Regular.ttf in Resources */ = {isa = PBXBuildFile; fileRef = 46F4927C1CFD7B99000D4EA7 /* RobotoMono-Regular.ttf */; };
		46F492881CFD7B99000D4EA7 /* RobotoMono-Thin.ttf in Resources */ = {isa = PBXBuildFile; fileRef = 46F4927D1CFD7B99000D4EA7 /* RobotoMono-Thin.ttf */; };
		46F492891CFD7B99000D4EA7 /* RobotoMono-ThinItalic.ttf in Resources */ = {isa = PBXBuildFile; fileRef = 46F4927E1CFD7B99000D4EA7 /* RobotoMono-ThinItalic.ttf */; };
		46F6958B1D1D089C00D70249 /* BikeYouBikeModel.swift in Sources */ = {isa = PBXBuildFile; fileRef = 46F6958A1D1D089C00D70249 /* BikeYouBikeModel.swift */; };
		46F6958D1D1D08CE00D70249 /* BikeYouBikeModelHelper.swift in Sources */ = {isa = PBXBuildFile; fileRef = 46F6958C1D1D08CE00D70249 /* BikeYouBikeModelHelper.swift */; };
		46F8ED571CFD5AC9003F167B /* BikeRecordViewController.swift in Sources */ = {isa = PBXBuildFile; fileRef = 46F8ED561CFD5AC9003F167B /* BikeRecordViewController.swift */; };
		46F8ED591CFD6680003F167B /* BikeAnalysisViewController.swift in Sources */ = {isa = PBXBuildFile; fileRef = 46F8ED581CFD6680003F167B /* BikeAnalysisViewController.swift */; };
		46F9910B1CFBE78F004765F8 /* BikeHistoryViewController.swift in Sources */ = {isa = PBXBuildFile; fileRef = 46F9910A1CFBE78F004765F8 /* BikeHistoryViewController.swift */; };
		904456225F79211FDE985043 /* Pods_Mr_Ride_iOS.framework in Frameworks */ = {isa = PBXBuildFile; fileRef = 0E24B26DC4B3589F0F024B3E /* Pods_Mr_Ride_iOS.framework */; };
/* End PBXBuildFile section */

/* Begin PBXFileReference section */
		0E24B26DC4B3589F0F024B3E /* Pods_Mr_Ride_iOS.framework */ = {isa = PBXFileReference; explicitFileType = wrapper.framework; includeInIndex = 0; path = Pods_Mr_Ride_iOS.framework; sourceTree = BUILT_PRODUCTS_DIR; };
		115DF64DF741BEBC0D2CA1FB /* Pods-Mr-Ride-iOS.debug.xcconfig */ = {isa = PBXFileReference; includeInIndex = 1; lastKnownFileType = text.xcconfig; name = "Pods-Mr-Ride-iOS.debug.xcconfig"; path = "Pods/Target Support Files/Pods-Mr-Ride-iOS/Pods-Mr-Ride-iOS.debug.xcconfig"; sourceTree = "<group>"; };
		462E9D591D305D00004528C4 /* TrackingManager.swift */ = {isa = PBXFileReference; fileEncoding = 4; lastKnownFileType = sourcecode.swift; path = TrackingManager.swift; sourceTree = "<group>"; };
		463AD0FC1E0E808400E6502E /* Mr-Ride-iOS.app */ = {isa = PBXFileReference; explicitFileType = wrapper.application; includeInIndex = 0; path = "Mr-Ride-iOS.app"; sourceTree = BUILT_PRODUCTS_DIR; };
		463C9C7D1D25E066002BE256 /* MapAnnotation.swift */ = {isa = PBXFileReference; fileEncoding = 4; lastKnownFileType = sourcecode.swift; path = MapAnnotation.swift; sourceTree = "<group>"; };
		463C9C811D26179F002BE256 /* LoginViewController.swift */ = {isa = PBXFileReference; fileEncoding = 4; lastKnownFileType = sourcecode.swift; path = LoginViewController.swift; sourceTree = "<group>"; };
		463E5D121D0E4EB2004C1546 /* CustomHeader.xib */ = {isa = PBXFileReference; fileEncoding = 4; lastKnownFileType = file.xib; path = CustomHeader.xib; sourceTree = "<group>"; };
		463E5D141D0E58BF004C1546 /* CustomHeader.swift */ = {isa = PBXFileReference; fileEncoding = 4; lastKnownFileType = sourcecode.swift; path = CustomHeader.swift; sourceTree = "<group>"; };
		4645C25F1CF3F1BF009093CA /* BikeSidebarTableViewController.swift */ = {isa = PBXFileReference; fileEncoding = 4; lastKnownFileType = sourcecode.swift; path = BikeSidebarTableViewController.swift; sourceTree = "<group>"; };
		464B24AE1D014FA70087ED8B /* Record+CoreDataProperties.swift */ = {isa = PBXFileReference; fileEncoding = 4; lastKnownFileType = sourcecode.swift; name = "Record+CoreDataProperties.swift"; path = "../Record+CoreDataProperties.swift"; sourceTree = "<group>"; };
		464B24AF1D014FA70087ED8B /* Record.swift */ = {isa = PBXFileReference; fileEncoding = 4; lastKnownFileType = sourcecode.swift; name = Record.swift; path = ../Record.swift; sourceTree = "<group>"; };
		464B24B01D014FA70087ED8B /* Route+CoreDataProperties.swift */ = {isa = PBXFileReference; fileEncoding = 4; lastKnownFileType = sourcecode.swift; name = "Route+CoreDataProperties.swift"; path = "../Route+CoreDataProperties.swift"; sourceTree = "<group>"; };
		464B24B11D014FA70087ED8B /* Route.swift */ = {isa = PBXFileReference; fileEncoding = 4; lastKnownFileType = sourcecode.swift; name = Route.swift; path = ../Route.swift; sourceTree = "<group>"; };
		464CFE5D1CF2A28600B1FBBE /* AppDelegate.swift */ = {isa = PBXFileReference; lastKnownFileType = sourcecode.swift; path = AppDelegate.swift; sourceTree = "<group>"; };
		464CFE621CF2A28600B1FBBE /* Base */ = {isa = PBXFileReference; lastKnownFileType = file.storyboard; name = Base; path = Base.lproj/Main.storyboard; sourceTree = "<group>"; };
		464CFE651CF2A28600B1FBBE /* Mr_Ride_iOS.xcdatamodel */ = {isa = PBXFileReference; lastKnownFileType = wrapper.xcdatamodel; path = Mr_Ride_iOS.xcdatamodel; sourceTree = "<group>"; };
		464CFE671CF2A28600B1FBBE /* Assets.xcassets */ = {isa = PBXFileReference; lastKnownFileType = folder.assetcatalog; path = Assets.xcassets; sourceTree = "<group>"; };
		464CFE6A1CF2A28600B1FBBE /* Base */ = {isa = PBXFileReference; lastKnownFileType = file.storyboard; name = Base; path = Base.lproj/LaunchScreen.storyboard; sourceTree = "<group>"; };
		464CFE6C1CF2A28600B1FBBE /* Info.plist */ = {isa = PBXFileReference; lastKnownFileType = text.plist.xml; path = Info.plist; sourceTree = "<group>"; };
		464CFE781CF2D88000B1FBBE /* Mr-Ride-iOS-Bridging-Header.h */ = {isa = PBXFileReference; lastKnownFileType = sourcecode.c.h; path = "Mr-Ride-iOS-Bridging-Header.h"; sourceTree = "<group>"; };
		464CFE791CF2D88000B1FBBE /* SWRevealViewController.h */ = {isa = PBXFileReference; fileEncoding = 4; lastKnownFileType = sourcecode.c.h; path = SWRevealViewController.h; sourceTree = "<group>"; };
		464CFE7A1CF2D88000B1FBBE /* SWRevealViewController.m */ = {isa = PBXFileReference; fileEncoding = 4; lastKnownFileType = sourcecode.c.objc; path = SWRevealViewController.m; sourceTree = "<group>"; };
		464CFE7C1CF2D94200B1FBBE /* MrBikeFont.swift */ = {isa = PBXFileReference; fileEncoding = 4; lastKnownFileType = sourcecode.swift; path = MrBikeFont.swift; sourceTree = "<group>"; };
		464CFE7D1CF2D94200B1FBBE /* MrBikeColor.swift */ = {isa = PBXFileReference; fileEncoding = 4; lastKnownFileType = sourcecode.swift; path = MrBikeColor.swift; sourceTree = "<group>"; };
		464CFE801CF2E3ED00B1FBBE /* BikeHomeViewController.swift */ = {isa = PBXFileReference; fileEncoding = 4; lastKnownFileType = sourcecode.swift; path = BikeHomeViewController.swift; sourceTree = "<group>"; };
		464CFE841CF2FC1A00B1FBBE /* BikeNavigationController.swift */ = {isa = PBXFileReference; fileEncoding = 4; lastKnownFileType = sourcecode.swift; path = BikeNavigationController.swift; sourceTree = "<group>"; };
		464D668E1D33474700531162 /* GoogleService-Info.plist */ = {isa = PBXFileReference; fileEncoding = 4; lastKnownFileType = text.plist.xml; path = "GoogleService-Info.plist"; sourceTree = "<group>"; };
		465F67C61D10FF1100875C43 /* BikeMapViewController.swift */ = {isa = PBXFileReference; fileEncoding = 4; lastKnownFileType = sourcecode.swift; path = BikeMapViewController.swift; sourceTree = "<group>"; };
		46F10B621D3012A80066EAF1 /* BikeHistoryTableViewCell.swift */ = {isa = PBXFileReference; fileEncoding = 4; lastKnownFileType = sourcecode.swift; path = BikeHistoryTableViewCell.swift; sourceTree = "<group>"; };
		46F10B631D3012A80066EAF1 /* BikeHistoryTableViewCell.xib */ = {isa = PBXFileReference; fileEncoding = 4; lastKnownFileType = file.xib; path = BikeHistoryTableViewCell.xib; sourceTree = "<group>"; };
		46F2E7B91D1279EE00816318 /* BikeToiletModel.swift */ = {isa = PBXFileReference; fileEncoding = 4; lastKnownFileType = sourcecode.swift; path = BikeToiletModel.swift; sourceTree = "<group>"; };
		46F2E7BB1D127AE100816318 /* BikeToiletModelHelper.swift */ = {isa = PBXFileReference; fileEncoding = 4; lastKnownFileType = sourcecode.swift; path = BikeToiletModelHelper.swift; sourceTree = "<group>"; };
		46F2E7BD1D12804400816318 /* BikeMapManager.swift */ = {isa = PBXFileReference; fileEncoding = 4; lastKnownFileType = sourcecode.swift; path = BikeMapManager.swift; sourceTree = "<group>"; };
		46F2E7C31D12D25700816318 /* CustomFooter.swift */ = {isa = PBXFileReference; fileEncoding = 4; lastKnownFileType = sourcecode.swift; path = CustomFooter.swift; sourceTree = "<group>"; };
		46F492741CFD7B99000D4EA7 /* LICENSE.txt */ = {isa = PBXFileReference; fileEncoding = 4; lastKnownFileType = text; path = LICENSE.txt; sourceTree = "<group>"; };
		46F492751CFD7B99000D4EA7 /* RobotoMono-Bold.ttf */ = {isa = PBXFileReference; lastKnownFileType = file; path = "RobotoMono-Bold.ttf"; sourceTree = "<group>"; };
		46F492761CFD7B99000D4EA7 /* RobotoMono-BoldItalic.ttf */ = {isa = PBXFileReference; lastKnownFileType = file; path = "RobotoMono-BoldItalic.ttf"; sourceTree = "<group>"; };
		46F492771CFD7B99000D4EA7 /* RobotoMono-Italic.ttf */ = {isa = PBXFileReference; lastKnownFileType = file; path = "RobotoMono-Italic.ttf"; sourceTree = "<group>"; };
		46F492781CFD7B99000D4EA7 /* RobotoMono-Light.ttf */ = {isa = PBXFileReference; lastKnownFileType = file; path = "RobotoMono-Light.ttf"; sourceTree = "<group>"; };
		46F492791CFD7B99000D4EA7 /* RobotoMono-LightItalic.ttf */ = {isa = PBXFileReference; lastKnownFileType = file; path = "RobotoMono-LightItalic.ttf"; sourceTree = "<group>"; };
		46F4927A1CFD7B99000D4EA7 /* RobotoMono-Medium.ttf */ = {isa = PBXFileReference; lastKnownFileType = file; path = "RobotoMono-Medium.ttf"; sourceTree = "<group>"; };
		46F4927B1CFD7B99000D4EA7 /* RobotoMono-MediumItalic.ttf */ = {isa = PBXFileReference; lastKnownFileType = file; path = "RobotoMono-MediumItalic.ttf"; sourceTree = "<group>"; };
		46F4927C1CFD7B99000D4EA7 /* RobotoMono-Regular.ttf */ = {isa = PBXFileReference; lastKnownFileType = file; path = "RobotoMono-Regular.ttf"; sourceTree = "<group>"; };
		46F4927D1CFD7B99000D4EA7 /* RobotoMono-Thin.ttf */ = {isa = PBXFileReference; lastKnownFileType = file; path = "RobotoMono-Thin.ttf"; sourceTree = "<group>"; };
		46F4927E1CFD7B99000D4EA7 /* RobotoMono-ThinItalic.ttf */ = {isa = PBXFileReference; lastKnownFileType = file; path = "RobotoMono-ThinItalic.ttf"; sourceTree = "<group>"; };
		46F6958A1D1D089C00D70249 /* BikeYouBikeModel.swift */ = {isa = PBXFileReference; fileEncoding = 4; lastKnownFileType = sourcecode.swift; path = BikeYouBikeModel.swift; sourceTree = "<group>"; };
		46F6958C1D1D08CE00D70249 /* BikeYouBikeModelHelper.swift */ = {isa = PBXFileReference; fileEncoding = 4; lastKnownFileType = sourcecode.swift; path = BikeYouBikeModelHelper.swift; sourceTree = "<group>"; };
		46F8ED561CFD5AC9003F167B /* BikeRecordViewController.swift */ = {isa = PBXFileReference; fileEncoding = 4; lastKnownFileType = sourcecode.swift; path = BikeRecordViewController.swift; sourceTree = "<group>"; };
		46F8ED581CFD6680003F167B /* BikeAnalysisViewController.swift */ = {isa = PBXFileReference; fileEncoding = 4; lastKnownFileType = sourcecode.swift; path = BikeAnalysisViewController.swift; sourceTree = "<group>"; };
		46F9910A1CFBE78F004765F8 /* BikeHistoryViewController.swift */ = {isa = PBXFileReference; fileEncoding = 4; lastKnownFileType = sourcecode.swift; path = BikeHistoryViewController.swift; sourceTree = "<group>"; };
		D0C6C5CFB3227CC0021F8895 /* Pods-Mr-Ride-iOS.release.xcconfig */ = {isa = PBXFileReference; includeInIndex = 1; lastKnownFileType = text.xcconfig; name = "Pods-Mr-Ride-iOS.release.xcconfig"; path = "Pods/Target Support Files/Pods-Mr-Ride-iOS/Pods-Mr-Ride-iOS.release.xcconfig"; sourceTree = "<group>"; };
/* End PBXFileReference section */

/* Begin PBXFrameworksBuildPhase section */
		464CFE571CF2A28600B1FBBE /* Frameworks */ = {
			isa = PBXFrameworksBuildPhase;
			buildActionMask = 2147483647;
			files = (
				904456225F79211FDE985043 /* Pods_Mr_Ride_iOS.framework in Frameworks */,
			);
			runOnlyForDeploymentPostprocessing = 0;
		};
/* End PBXFrameworksBuildPhase section */

/* Begin PBXGroup section */
		2CB9FBA81D337951C33183C0 /* Pods */ = {
			isa = PBXGroup;
			children = (
				115DF64DF741BEBC0D2CA1FB /* Pods-Mr-Ride-iOS.debug.xcconfig */,
				D0C6C5CFB3227CC0021F8895 /* Pods-Mr-Ride-iOS.release.xcconfig */,
			);
			name = Pods;
			sourceTree = "<group>";
		};
		4605DAE91CFE756100F9C55B /* Supporting Files */ = {
			isa = PBXGroup;
			children = (
				46F492731CFD7B99000D4EA7 /* Roboto_Mono */,
				464CFE5D1CF2A28600B1FBBE /* AppDelegate.swift */,
				464CFE671CF2A28600B1FBBE /* Assets.xcassets */,
				464CFE6C1CF2A28600B1FBBE /* Info.plist */,
				464CFE691CF2A28600B1FBBE /* LaunchScreen.storyboard */,
				464CFE7C1CF2D94200B1FBBE /* MrBikeFont.swift */,
				464CFE7D1CF2D94200B1FBBE /* MrBikeColor.swift */,
			);
			name = "Supporting Files";
			sourceTree = "<group>";
		};
		463C9C7F1D25E091002BE256 /* Controller */ = {
			isa = PBXGroup;
			children = (
				464CFE771CF2D86B00B1FBBE /* SWRevealViewController */,
				463C9C811D26179F002BE256 /* LoginViewController.swift */,
				464CFE801CF2E3ED00B1FBBE /* BikeHomeViewController.swift */,
				464CFE841CF2FC1A00B1FBBE /* BikeNavigationController.swift */,
				4645C25F1CF3F1BF009093CA /* BikeSidebarTableViewController.swift */,
				46F9910A1CFBE78F004765F8 /* BikeHistoryViewController.swift */,
				46F8ED561CFD5AC9003F167B /* BikeRecordViewController.swift */,
				46F8ED581CFD6680003F167B /* BikeAnalysisViewController.swift */,
				465F67C61D10FF1100875C43 /* BikeMapViewController.swift */,
			);
			name = Controller;
			sourceTree = "<group>";
		};
		463C9C801D25E0CE002BE256 /* Model */ = {
			isa = PBXGroup;
			children = (
				464B24B61D014FC20087ED8B /* Core Data */,
				46F2E7B91D1279EE00816318 /* BikeToiletModel.swift */,
				46F6958A1D1D089C00D70249 /* BikeYouBikeModel.swift */,
				46F2E7BB1D127AE100816318 /* BikeToiletModelHelper.swift */,
				46F6958C1D1D08CE00D70249 /* BikeYouBikeModelHelper.swift */,
				46F2E7BD1D12804400816318 /* BikeMapManager.swift */,
				462E9D591D305D00004528C4 /* TrackingManager.swift */,
				463C9C7D1D25E066002BE256 /* MapAnnotation.swift */,
			);
			name = Model;
			sourceTree = "<group>";
		};
		463C9C831D266047002BE256 /* View */ = {
			isa = PBXGroup;
			children = (
				464CFE611CF2A28600B1FBBE /* Main.storyboard */,
				463E5D121D0E4EB2004C1546 /* CustomHeader.xib */,
				463E5D141D0E58BF004C1546 /* CustomHeader.swift */,
				46F2E7C31D12D25700816318 /* CustomFooter.swift */,
				46F10B621D3012A80066EAF1 /* BikeHistoryTableViewCell.swift */,
				46F10B631D3012A80066EAF1 /* BikeHistoryTableViewCell.xib */,
			);
			name = View;
			sourceTree = "<group>";
		};
		464B24B61D014FC20087ED8B /* Core Data */ = {
			isa = PBXGroup;
			children = (
				464B24AE1D014FA70087ED8B /* Record+CoreDataProperties.swift */,
				464B24AF1D014FA70087ED8B /* Record.swift */,
				464B24B01D014FA70087ED8B /* Route+CoreDataProperties.swift */,
				464B24B11D014FA70087ED8B /* Route.swift */,
				464CFE641CF2A28600B1FBBE /* Mr_Ride_iOS.xcdatamodeld */,
			);
			name = "Core Data";
			sourceTree = "<group>";
		};
		464CFE511CF2A28600B1FBBE = {
			isa = PBXGroup;
			children = (
				464CFE5C1CF2A28600B1FBBE /* Mr-Ride-iOS */,
				2CB9FBA81D337951C33183C0 /* Pods */,
				D4AB053AE7D1F702DCA3764B /* Frameworks */,
				463AD0FC1E0E808400E6502E /* Mr-Ride-iOS.app */,
			);
			sourceTree = "<group>";
		};
		464CFE5C1CF2A28600B1FBBE /* Mr-Ride-iOS */ = {
			isa = PBXGroup;
			children = (
				464D668E1D33474700531162 /* GoogleService-Info.plist */,
				464CFE781CF2D88000B1FBBE /* Mr-Ride-iOS-Bridging-Header.h */,
				463C9C831D266047002BE256 /* View */,
				463C9C7F1D25E091002BE256 /* Controller */,
				463C9C801D25E0CE002BE256 /* Model */,
				4605DAE91CFE756100F9C55B /* Supporting Files */,
			);
			path = "Mr-Ride-iOS";
			sourceTree = "<group>";
		};
		464CFE771CF2D86B00B1FBBE /* SWRevealViewController */ = {
			isa = PBXGroup;
			children = (
				464CFE791CF2D88000B1FBBE /* SWRevealViewController.h */,
				464CFE7A1CF2D88000B1FBBE /* SWRevealViewController.m */,
			);
			name = SWRevealViewController;
			sourceTree = "<group>";
		};
		46F492731CFD7B99000D4EA7 /* Roboto_Mono */ = {
			isa = PBXGroup;
			children = (
				46F492741CFD7B99000D4EA7 /* LICENSE.txt */,
				46F492751CFD7B99000D4EA7 /* RobotoMono-Bold.ttf */,
				46F492761CFD7B99000D4EA7 /* RobotoMono-BoldItalic.ttf */,
				46F492771CFD7B99000D4EA7 /* RobotoMono-Italic.ttf */,
				46F492781CFD7B99000D4EA7 /* RobotoMono-Light.ttf */,
				46F492791CFD7B99000D4EA7 /* RobotoMono-LightItalic.ttf */,
				46F4927A1CFD7B99000D4EA7 /* RobotoMono-Medium.ttf */,
				46F4927B1CFD7B99000D4EA7 /* RobotoMono-MediumItalic.ttf */,
				46F4927C1CFD7B99000D4EA7 /* RobotoMono-Regular.ttf */,
				46F4927D1CFD7B99000D4EA7 /* RobotoMono-Thin.ttf */,
				46F4927E1CFD7B99000D4EA7 /* RobotoMono-ThinItalic.ttf */,
			);
			path = Roboto_Mono;
			sourceTree = "<group>";
		};
		D4AB053AE7D1F702DCA3764B /* Frameworks */ = {
			isa = PBXGroup;
			children = (
				0E24B26DC4B3589F0F024B3E /* Pods_Mr_Ride_iOS.framework */,
			);
			name = Frameworks;
			sourceTree = "<group>";
		};
/* End PBXGroup section */

/* Begin PBXNativeTarget section */
		464CFE591CF2A28600B1FBBE /* Mr-Ride-iOS */ = {
			isa = PBXNativeTarget;
			buildConfigurationList = 464CFE6F1CF2A28600B1FBBE /* Build configuration list for PBXNativeTarget "Mr-Ride-iOS" */;
			buildPhases = (
				6749B68C2B9EB01C7F5BCE4F /* [CP] Check Pods Manifest.lock */,
				464CFE561CF2A28600B1FBBE /* Sources */,
				464CFE571CF2A28600B1FBBE /* Frameworks */,
				464CFE581CF2A28600B1FBBE /* Resources */,
				12CE4197D2BDE5D92A19ECC9 /* [CP] Embed Pods Frameworks */,
				4791862419DEEF43DC13A554 /* [CP] Copy Pods Resources */,
				46084ED41D178450009A1608 /* ShellScript */,
			);
			buildRules = (
			);
			dependencies = (
			);
			name = "Mr-Ride-iOS";
			productName = "Mr-Ride-iOS";
			productReference = 463AD0FC1E0E808400E6502E /* Mr-Ride-iOS.app */;
			productType = "com.apple.product-type.application";
		};
/* End PBXNativeTarget section */

/* Begin PBXProject section */
		464CFE521CF2A28600B1FBBE /* Project object */ = {
			isa = PBXProject;
			attributes = {
				LastSwiftUpdateCheck = 0730;
				LastUpgradeCheck = 0730;
				ORGANIZATIONNAME = "AppWorks School Jocy Hsiao";
				TargetAttributes = {
					464CFE591CF2A28600B1FBBE = {
						CreatedOnToolsVersion = 7.3.1;
						DevelopmentTeam = 6F8696U4DT;
						SystemCapabilities = {
							com.apple.BackgroundModes = {
								enabled = 1;
							};
						};
					};
				};
			};
			buildConfigurationList = 464CFE551CF2A28600B1FBBE /* Build configuration list for PBXProject "Mr-Ride-iOS" */;
			compatibilityVersion = "Xcode 3.2";
			developmentRegion = English;
			hasScannedForEncodings = 0;
			knownRegions = (
				en,
				Base,
			);
			mainGroup = 464CFE511CF2A28600B1FBBE;
			productRefGroup = 464CFE511CF2A28600B1FBBE;
			projectDirPath = "";
			projectRoot = "";
			targets = (
				464CFE591CF2A28600B1FBBE /* Mr-Ride-iOS */,
			);
		};
/* End PBXProject section */

/* Begin PBXResourcesBuildPhase section */
		464CFE581CF2A28600B1FBBE /* Resources */ = {
			isa = PBXResourcesBuildPhase;
			buildActionMask = 2147483647;
			files = (
				46F492821CFD7B99000D4EA7 /* RobotoMono-Italic.ttf in Resources */,
				46F10B651D3012A80066EAF1 /* BikeHistoryTableViewCell.xib in Resources */,
				46F492861CFD7B99000D4EA7 /* RobotoMono-MediumItalic.ttf in Resources */,
				463E5D131D0E4EB2004C1546 /* CustomHeader.xib in Resources */,
				46F4927F1CFD7B99000D4EA7 /* LICENSE.txt in Resources */,
				46F492811CFD7B99000D4EA7 /* RobotoMono-BoldItalic.ttf in Resources */,
				46F492831CFD7B99000D4EA7 /* RobotoMono-Light.ttf in Resources */,
				46F492801CFD7B99000D4EA7 /* RobotoMono-Bold.ttf in Resources */,
				46F492841CFD7B99000D4EA7 /* RobotoMono-LightItalic.ttf in Resources */,
				464CFE6B1CF2A28600B1FBBE /* LaunchScreen.storyboard in Resources */,
				464CFE681CF2A28600B1FBBE /* Assets.xcassets in Resources */,
				464CFE631CF2A28600B1FBBE /* Main.storyboard in Resources */,
				464D668F1D33474700531162 /* GoogleService-Info.plist in Resources */,
				46F492851CFD7B99000D4EA7 /* RobotoMono-Medium.ttf in Resources */,
				46F492871CFD7B99000D4EA7 /* RobotoMono-Regular.ttf in Resources */,
				46F492881CFD7B99000D4EA7 /* RobotoMono-Thin.ttf in Resources */,
				46F492891CFD7B99000D4EA7 /* RobotoMono-ThinItalic.ttf in Resources */,
			);
			runOnlyForDeploymentPostprocessing = 0;
		};
/* End PBXResourcesBuildPhase section */

/* Begin PBXShellScriptBuildPhase section */
		12CE4197D2BDE5D92A19ECC9 /* [CP] Embed Pods Frameworks */ = {
			isa = PBXShellScriptBuildPhase;
			buildActionMask = 2147483647;
			files = (
			);
			inputPaths = (
			);
			name = "[CP] Embed Pods Frameworks";
			outputPaths = (
			);
			runOnlyForDeploymentPostprocessing = 0;
			shellPath = /bin/sh;
			shellScript = "\"${SRCROOT}/Pods/Target Support Files/Pods-Mr-Ride-iOS/Pods-Mr-Ride-iOS-frameworks.sh\"\n";
			showEnvVarsInLog = 0;
		};
		46084ED41D178450009A1608 /* ShellScript */ = {
			isa = PBXShellScriptBuildPhase;
			buildActionMask = 2147483647;
			files = (
			);
			inputPaths = (
			);
			outputPaths = (
			);
			runOnlyForDeploymentPostprocessing = 0;
			shellPath = /bin/sh;
			shellScript = "\"${PODS_ROOT}/Fabric/run\" 34521961f222299164d26c8a214b658ed5792317 99dd5a2fd2967472ad0a0bb9bb1d5c7128cc7571371d30e3316f42b651b9ab14";
		};
		4791862419DEEF43DC13A554 /* [CP] Copy Pods Resources */ = {
			isa = PBXShellScriptBuildPhase;
			buildActionMask = 2147483647;
			files = (
			);
			inputPaths = (
			);
			name = "[CP] Copy Pods Resources";
			outputPaths = (
			);
			runOnlyForDeploymentPostprocessing = 0;
			shellPath = /bin/sh;
			shellScript = "\"${SRCROOT}/Pods/Target Support Files/Pods-Mr-Ride-iOS/Pods-Mr-Ride-iOS-resources.sh\"\n";
			showEnvVarsInLog = 0;
		};
		6749B68C2B9EB01C7F5BCE4F /* [CP] Check Pods Manifest.lock */ = {
			isa = PBXShellScriptBuildPhase;
			buildActionMask = 2147483647;
			files = (
			);
			inputPaths = (
			);
			name = "[CP] Check Pods Manifest.lock";
			outputPaths = (
			);
			runOnlyForDeploymentPostprocessing = 0;
			shellPath = /bin/sh;
			shellScript = "diff \"${PODS_ROOT}/../Podfile.lock\" \"${PODS_ROOT}/Manifest.lock\" > /dev/null\nif [ $? != 0 ] ; then\n    # print error to STDERR\n    echo \"error: The sandbox is not in sync with the Podfile.lock. Run 'pod install' or update your CocoaPods installation.\" >&2\n    exit 1\nfi\n";
			showEnvVarsInLog = 0;
		};
/* End PBXShellScriptBuildPhase section */

/* Begin PBXSourcesBuildPhase section */
		464CFE561CF2A28600B1FBBE /* Sources */ = {
			isa = PBXSourcesBuildPhase;
			buildActionMask = 2147483647;
			files = (
				463C9C821D26179F002BE256 /* LoginViewController.swift in Sources */,
				464CFE811CF2E3ED00B1FBBE /* BikeHomeViewController.swift in Sources */,
				464CFE851CF2FC1A00B1FBBE /* BikeNavigationController.swift in Sources */,
				46F10B641D3012A80066EAF1 /* BikeHistoryTableViewCell.swift in Sources */,
				463C9C7E1D25E066002BE256 /* MapAnnotation.swift in Sources */,
				46F6958D1D1D08CE00D70249 /* BikeYouBikeModelHelper.swift in Sources */,
				464CFE7E1CF2D94200B1FBBE /* MrBikeFont.swift in Sources */,
				4645C2601CF3F1BF009093CA /* BikeSidebarTableViewController.swift in Sources */,
				46F2E7BC1D127AE100816318 /* BikeToiletModelHelper.swift in Sources */,
				464CFE5E1CF2A28600B1FBBE /* AppDelegate.swift in Sources */,
				46F2E7C41D12D25700816318 /* CustomFooter.swift in Sources */,
				464B24B31D014FA70087ED8B /* Record.swift in Sources */,
				462E9D5A1D305D00004528C4 /* TrackingManager.swift in Sources */,
				464B24B41D014FA70087ED8B /* Route+CoreDataProperties.swift in Sources */,
				464B24B51D014FA70087ED8B /* Route.swift in Sources */,
				46F8ED591CFD6680003F167B /* BikeAnalysisViewController.swift in Sources */,
				464CFE661CF2A28600B1FBBE /* Mr_Ride_iOS.xcdatamodeld in Sources */,
				464B24B21D014FA70087ED8B /* Record+CoreDataProperties.swift in Sources */,
				463E5D151D0E58BF004C1546 /* CustomHeader.swift in Sources */,
				46F2E7BA1D1279EE00816318 /* BikeToiletModel.swift in Sources */,
				46F6958B1D1D089C00D70249 /* BikeYouBikeModel.swift in Sources */,
				464CFE7B1CF2D88000B1FBBE /* SWRevealViewController.m in Sources */,
				464CFE7F1CF2D94200B1FBBE /* MrBikeColor.swift in Sources */,
				46F2E7BE1D12804400816318 /* BikeMapManager.swift in Sources */,
				46F8ED571CFD5AC9003F167B /* BikeRecordViewController.swift in Sources */,
				465F67C71D10FF1100875C43 /* BikeMapViewController.swift in Sources */,
				46F9910B1CFBE78F004765F8 /* BikeHistoryViewController.swift in Sources */,
			);
			runOnlyForDeploymentPostprocessing = 0;
		};
/* End PBXSourcesBuildPhase section */

/* Begin PBXVariantGroup section */
		464CFE611CF2A28600B1FBBE /* Main.storyboard */ = {
			isa = PBXVariantGroup;
			children = (
				464CFE621CF2A28600B1FBBE /* Base */,
			);
			name = Main.storyboard;
			sourceTree = "<group>";
		};
		464CFE691CF2A28600B1FBBE /* LaunchScreen.storyboard */ = {
			isa = PBXVariantGroup;
			children = (
				464CFE6A1CF2A28600B1FBBE /* Base */,
			);
			name = LaunchScreen.storyboard;
			sourceTree = "<group>";
		};
/* End PBXVariantGroup section */

/* Begin XCBuildConfiguration section */
		464CFE6D1CF2A28600B1FBBE /* Debug */ = {
			isa = XCBuildConfiguration;
			buildSettings = {
				ALWAYS_SEARCH_USER_PATHS = NO;
				CLANG_ANALYZER_NONNULL = YES;
				CLANG_CXX_LANGUAGE_STANDARD = "gnu++0x";
				CLANG_CXX_LIBRARY = "libc++";
				CLANG_ENABLE_MODULES = YES;
				CLANG_ENABLE_OBJC_ARC = YES;
				CLANG_WARN_BOOL_CONVERSION = YES;
				CLANG_WARN_CONSTANT_CONVERSION = YES;
				CLANG_WARN_DIRECT_OBJC_ISA_USAGE = YES_ERROR;
				CLANG_WARN_EMPTY_BODY = YES;
				CLANG_WARN_ENUM_CONVERSION = YES;
				CLANG_WARN_INT_CONVERSION = YES;
				CLANG_WARN_OBJC_ROOT_CLASS = YES_ERROR;
				CLANG_WARN_UNREACHABLE_CODE = YES;
				CLANG_WARN__DUPLICATE_METHOD_MATCH = YES;
				"CODE_SIGN_IDENTITY[sdk=iphoneos*]" = "iPhone Developer";
				COPY_PHASE_STRIP = NO;
				DEBUG_INFORMATION_FORMAT = dwarf;
				ENABLE_STRICT_OBJC_MSGSEND = YES;
				ENABLE_TESTABILITY = YES;
				GCC_C_LANGUAGE_STANDARD = gnu99;
				GCC_DYNAMIC_NO_PIC = NO;
				GCC_NO_COMMON_BLOCKS = YES;
				GCC_OPTIMIZATION_LEVEL = 0;
				GCC_PREPROCESSOR_DEFINITIONS = (
					"DEBUG=1",
					"$(inherited)",
				);
				GCC_WARN_64_TO_32_BIT_CONVERSION = YES;
				GCC_WARN_ABOUT_RETURN_TYPE = YES_ERROR;
				GCC_WARN_UNDECLARED_SELECTOR = YES;
				GCC_WARN_UNINITIALIZED_AUTOS = YES_AGGRESSIVE;
				GCC_WARN_UNUSED_FUNCTION = YES;
				GCC_WARN_UNUSED_VARIABLE = YES;
				IPHONEOS_DEPLOYMENT_TARGET = 9.3;
				MTL_ENABLE_DEBUG_INFO = YES;
				ONLY_ACTIVE_ARCH = YES;
				SDKROOT = iphoneos;
				SWIFT_OPTIMIZATION_LEVEL = "-Onone";
				TARGETED_DEVICE_FAMILY = "1,2";
			};
			name = Debug;
		};
		464CFE6E1CF2A28600B1FBBE /* Release */ = {
			isa = XCBuildConfiguration;
			buildSettings = {
				ALWAYS_SEARCH_USER_PATHS = NO;
				CLANG_ANALYZER_NONNULL = YES;
				CLANG_CXX_LANGUAGE_STANDARD = "gnu++0x";
				CLANG_CXX_LIBRARY = "libc++";
				CLANG_ENABLE_MODULES = YES;
				CLANG_ENABLE_OBJC_ARC = YES;
				CLANG_WARN_BOOL_CONVERSION = YES;
				CLANG_WARN_CONSTANT_CONVERSION = YES;
				CLANG_WARN_DIRECT_OBJC_ISA_USAGE = YES_ERROR;
				CLANG_WARN_EMPTY_BODY = YES;
				CLANG_WARN_ENUM_CONVERSION = YES;
				CLANG_WARN_INT_CONVERSION = YES;
				CLANG_WARN_OBJC_ROOT_CLASS = YES_ERROR;
				CLANG_WARN_UNREACHABLE_CODE = YES;
				CLANG_WARN__DUPLICATE_METHOD_MATCH = YES;
				"CODE_SIGN_IDENTITY[sdk=iphoneos*]" = "iPhone Developer";
				COPY_PHASE_STRIP = NO;
				DEBUG_INFORMATION_FORMAT = "dwarf-with-dsym";
				ENABLE_NS_ASSERTIONS = NO;
				ENABLE_STRICT_OBJC_MSGSEND = YES;
				GCC_C_LANGUAGE_STANDARD = gnu99;
				GCC_NO_COMMON_BLOCKS = YES;
				GCC_WARN_64_TO_32_BIT_CONVERSION = YES;
				GCC_WARN_ABOUT_RETURN_TYPE = YES_ERROR;
				GCC_WARN_UNDECLARED_SELECTOR = YES;
				GCC_WARN_UNINITIALIZED_AUTOS = YES_AGGRESSIVE;
				GCC_WARN_UNUSED_FUNCTION = YES;
				GCC_WARN_UNUSED_VARIABLE = YES;
				IPHONEOS_DEPLOYMENT_TARGET = 9.3;
				MTL_ENABLE_DEBUG_INFO = NO;
				SDKROOT = iphoneos;
				TARGETED_DEVICE_FAMILY = "1,2";
				VALIDATE_PRODUCT = YES;
			};
			name = Release;
		};
		464CFE701CF2A28600B1FBBE /* Debug */ = {
			isa = XCBuildConfiguration;
			baseConfigurationReference = 115DF64DF741BEBC0D2CA1FB /* Pods-Mr-Ride-iOS.debug.xcconfig */;
			buildSettings = {
				ASSETCATALOG_COMPILER_APPICON_NAME = AppIcon;
				CLANG_ENABLE_MODULES = YES;
				CODE_SIGN_IDENTITY = "iPhone Developer";
				"CODE_SIGN_IDENTITY[sdk=iphoneos*]" = "iPhone Developer";
				FRAMEWORK_SEARCH_PATHS = (
					"$(inherited)",
					"$(PROJECT_DIR)/Mr-Ride-iOS",
				);
				INFOPLIST_FILE = "Mr-Ride-iOS/Info.plist";
				LD_RUNPATH_SEARCH_PATHS = "$(inherited) @executable_path/Frameworks";
				PRODUCT_BUNDLE_IDENTIFIER = "com.appworks-school-jocyhsiao.Mr-Ride-iOS";
				PRODUCT_NAME = "$(TARGET_NAME)";
				PROVISIONING_PROFILE = "";
				SWIFT_OBJC_BRIDGING_HEADER = "Mr-Ride-iOS/Mr-Ride-iOS-Bridging-Header.h";
				SWIFT_OPTIMIZATION_LEVEL = "-Onone";
			};
			name = Debug;
		};
		464CFE711CF2A28600B1FBBE /* Release */ = {
			isa = XCBuildConfiguration;
			baseConfigurationReference = D0C6C5CFB3227CC0021F8895 /* Pods-Mr-Ride-iOS.release.xcconfig */;
			buildSettings = {
				ASSETCATALOG_COMPILER_APPICON_NAME = AppIcon;
				CLANG_ENABLE_MODULES = YES;
				CODE_SIGN_IDENTITY = "iPhone Developer";
				"CODE_SIGN_IDENTITY[sdk=iphoneos*]" = "iPhone Developer";
				FRAMEWORK_SEARCH_PATHS = (
					"$(inherited)",
					"$(PROJECT_DIR)/Mr-Ride-iOS",
				);
				INFOPLIST_FILE = "Mr-Ride-iOS/Info.plist";
				LD_RUNPATH_SEARCH_PATHS = "$(inherited) @executable_path/Frameworks";
				PRODUCT_BUNDLE_IDENTIFIER = "com.appworks-school-jocyhsiao.Mr-Ride-iOS";
				PRODUCT_NAME = "$(TARGET_NAME)";
				PROVISIONING_PROFILE = "";
				SWIFT_OBJC_BRIDGING_HEADER = "Mr-Ride-iOS/Mr-Ride-iOS-Bridging-Header.h";
			};
			name = Release;
		};
/* End XCBuildConfiguration section */

/* Begin XCConfigurationList section */
		464CFE551CF2A28600B1FBBE /* Build configuration list for PBXProject "Mr-Ride-iOS" */ = {
			isa = XCConfigurationList;
			buildConfigurations = (
				464CFE6D1CF2A28600B1FBBE /* Debug */,
				464CFE6E1CF2A28600B1FBBE /* Release */,
			);
			defaultConfigurationIsVisible = 0;
			defaultConfigurationName = Release;
		};
		464CFE6F1CF2A28600B1FBBE /* Build configuration list for PBXNativeTarget "Mr-Ride-iOS" */ = {
			isa = XCConfigurationList;
			buildConfigurations = (
				464CFE701CF2A28600B1FBBE /* Debug */,
				464CFE711CF2A28600B1FBBE /* Release */,
			);
			defaultConfigurationIsVisible = 0;
			defaultConfigurationName = Release;
		};
/* End XCConfigurationList section */

/* Begin XCVersionGroup section */
		464CFE641CF2A28600B1FBBE /* Mr_Ride_iOS.xcdatamodeld */ = {
			isa = XCVersionGroup;
			children = (
				464CFE651CF2A28600B1FBBE /* Mr_Ride_iOS.xcdatamodel */,
			);
			currentVersion = 464CFE651CF2A28600B1FBBE /* Mr_Ride_iOS.xcdatamodel */;
			path = Mr_Ride_iOS.xcdatamodeld;
			sourceTree = "<group>";
			versionGroupType = wrapper.xcdatamodel;
		};
/* End XCVersionGroup section */
	};
	rootObject = 464CFE521CF2A28600B1FBBE /* Project object */;
}
